<?xml version="1.0" encoding="utf-8"?>
<Project ToolsVersion="4.0" xmlns="http://schemas.microsoft.com/developer/msbuild/2003">
  <ItemGroup>
    <ClCompile Include="main.cpp" />
    <ClCompile Include="magicmissile.cpp" />
    <ClCompile Include="heal.cpp" />
    <ClCompile Include="wizard.cpp" />
  </ItemGroup>
  <ItemGroup>
    <ClInclude Include="spell.h" />
    <ClInclude Include="magicmissile.h" />
    <ClInclude Include="heal.h" />
    <ClInclude Include="wizard.h" />
    <ClInclude Include="pool.h" />
    <ClInclude Include="spelltypes.h" />
  </ItemGroup>
</Project>